# This file was autogenerated by Stack.
# You should not edit this file by hand.
# For more information, please see the documentation at:
#   https://docs.haskellstack.org/en/stable/lock_files

packages: []
snapshots:
- completed:
    sha256: ce4cb80c19496d1a7d39ca21febc79e06667d619b272e91c2b70f4910c3291cd
    size: 658023
    url: https://raw.githubusercontent.com/commercialhaskell/stackage-snapshots/master/nightly/2023/8/13.yaml
  original: nightly-2023-08-13
