# This file was autogenerated by Stack.
# You should not edit this file by hand.
# For more information, please see the documentation at:
#   https://docs.haskellstack.org/en/stable/lock_files

packages: []
snapshots:
- completed:
    sha256: d6f7de20f9d885fee73539bad04c991452ee658a318a08bacc8bee1f2416fb85
    size: 556886
    url: https://raw.githubusercontent.com/commercialhaskell/stackage-snapshots/master/nightly/2024/1/14.yaml
  original: nightly-2024-01-14
